
Microsoft Visual Studio Solution File, Format Version 12.00
# Visual Studio Version 16
VisualStudioVersion = 16.0.31613.86
MinimumVisualStudioVersion = 10.0.40219.1
Project("{9A19103F-16F7-4668-BE54-9A1E7A4F7556}") = "CarRental.Api", "src\CarRental.Api\CarRental.Api.csproj", "{AF4F92C3-6D35-4DE9-AEC9-82E68168D940}"
EndProject
Project("{9A19103F-16F7-4668-BE54-9A1E7A4F7556}") = "CarRental.Api.Tests", "CarRental.Api.Tests\CarRental.Api.Tests.csproj", "{E5CB5C83-B9F1-4F0C-914D-4C7F9084EA13}"
EndProject
Project("{2150E333-8FDC-42A3-9474-1A3956D46DE8}") = "deploy", "deploy", "{EE14B5F8-F20F-4511-A80F-468899DB6BFC}"
EndProject
Global
	GlobalSection(SolutionConfigurationPlatforms) = preSolution
		Debug|Any CPU = Debug|Any CPU
		Release|Any CPU = Release|Any CPU
	EndGlobalSection
	GlobalSection(ProjectConfigurationPlatforms) = postSolution
		{AF4F92C3-6D35-4DE9-AEC9-82E68168D940}.Debug|Any CPU.ActiveCfg = Debug|Any CPU
		{AF4F92C3-6D35-4DE9-AEC9-82E68168D940}.Debug|Any CPU.Build.0 = Debug|Any CPU
		{AF4F92C3-6D35-4DE9-AEC9-82E68168D940}.Release|Any CPU.ActiveCfg = Release|Any CPU
		{AF4F92C3-6D35-4DE9-AEC9-82E68168D940}.Release|Any CPU.Build.0 = Release|Any CPU
		{E5CB5C83-B9F1-4F0C-914D-4C7F9084EA13}.Debug|Any CPU.ActiveCfg = Debug|Any CPU
		{E5CB5C83-B9F1-4F0C-914D-4C7F9084EA13}.Debug|Any CPU.Build.0 = Debug|Any CPU
		{E5CB5C83-B9F1-4F0C-914D-4C7F9084EA13}.Release|Any CPU.ActiveCfg = Release|Any CPU
		{E5CB5C83-B9F1-4F0C-914D-4C7F9084EA13}.Release|Any CPU.Build.0 = Release|Any CPU
	EndGlobalSection
	GlobalSection(SolutionProperties) = preSolution
		HideSolutionNode = FALSE
	EndGlobalSection
	GlobalSection(ExtensibilityGlobals) = postSolution
		SolutionGuid = {7FC8C86E-A9DC-4A2C-B2AF-F6C47D6C59C1}
	EndGlobalSection
EndGlobal
